
Microsoft Visual Studio Solution File, Format Version 12.00
# Visual Studio Version 16
VisualStudioVersion = 16.0.31229.75
MinimumVisualStudioVersion = 10.0.40219.1
Project("{FAE04EC0-301F-11D3-BF4B-00C04F79EFBC}") = "CRUD_Operation_ASP", "CRUD_Operation_ASP\CRUD_Operation_ASP.csproj", "{83939C08-633D-4282-9318-D0C43893A230}"
EndProject
Global
	GlobalSection(SolutionConfigurationPlatforms) = preSolution
		Debug|Any CPU = Debug|Any CPU
		Release|Any CPU = Release|Any CPU
	EndGlobalSection
	GlobalSection(ProjectConfigurationPlatforms) = postSolution
		{83939C08-633D-4282-9318-D0C43893A230}.Debug|Any CPU.ActiveCfg = Debug|Any CPU
		{83939C08-633D-4282-9318-D0C43893A230}.Debug|Any CPU.Build.0 = Debug|Any CPU
		{83939C08-633D-4282-9318-D0C43893A230}.Release|Any CPU.ActiveCfg = Release|Any CPU
		{83939C08-633D-4282-9318-D0C43893A230}.Release|Any CPU.Build.0 = Release|Any CPU
	EndGlobalSection
	GlobalSection(SolutionProperties) = preSolution
		HideSolutionNode = FALSE
	EndGlobalSection
	GlobalSection(ExtensibilityGlobals) = postSolution
		SolutionGuid = {8AEC94D7-A4FB-4AA0-8643-22971E9C44C7}
	EndGlobalSection
EndGlobal
